
Microsoft Visual Studio Solution File, Format Version 12.00
# Visual Studio Version 16
VisualStudioVersion = 16.0.29709.97
MinimumVisualStudioVersion = 10.0.40219.1
Project("{FAE04EC0-301F-11D3-BF4B-00C04F79EFBC}") = "Binary", "Binary\Binary.csproj", "{DF5234EA-3C4F-463C-9BD7-C6A1529B7355}"
EndProject
Project("{888888A0-9F3D-457C-B088-3A5042F75D52}") = "GameRunner", "GameRunner\GameRunner.pyproj", "{14EA7F1B-C3F5-4A86-8CBA-51FB30460DE4}"
EndProject
Project("{FAE04EC0-301F-11D3-BF4B-00C04F79EFBC}") = "TournamentRunner", "TournamentRunner\TournamentRunner.csproj", "{9C495C11-E918-4416-B1E8-CB497CC28754}"
EndProject
Project("{FAE04EC0-301F-11D3-BF4B-00C04F79EFBC}") = "ParameterOptimizer", "ParameterOptimizer\ParameterOptimizer.csproj", "{2BE42AC3-6A3C-4843-B5BD-3127712931D2}"
EndProject
Project("{9A19103F-16F7-4668-BE54-9A1E7A4F7556}") = "MsgPack.Rpc.Core", "MsgPack.Rpc.Core\MsgPack.Rpc.Core.csproj", "{C99CD80E-B579-4E17-93B4-38348BC8FD1B}"
EndProject
Project("{9A19103F-16F7-4668-BE54-9A1E7A4F7556}") = "GameServer", "GameServer\GameServer.csproj", "{466D1751-614A-407D-80E4-05224482AE15}"
EndProject
Project("{FAE04EC0-301F-11D3-BF4B-00C04F79EFBC}") = "AocDatLib", "AocDatLib\AocDatLib.csproj", "{2323E0A6-0C17-4B56-9462-A07738E9746B}"
EndProject
Project("{FAE04EC0-301F-11D3-BF4B-00C04F79EFBC}") = "ScriptCompiler", "ScriptCompiler\ScriptCompiler.csproj", "{CC8557DD-D5B9-4805-BFEE-0345540D54EC}"
EndProject
Global
	GlobalSection(SolutionConfigurationPlatforms) = preSolution
		Debug|Any CPU = Debug|Any CPU
		Release|Any CPU = Release|Any CPU
	EndGlobalSection
	GlobalSection(ProjectConfigurationPlatforms) = postSolution
		{DF5234EA-3C4F-463C-9BD7-C6A1529B7355}.Debug|Any CPU.ActiveCfg = Debug|Any CPU
		{DF5234EA-3C4F-463C-9BD7-C6A1529B7355}.Debug|Any CPU.Build.0 = Debug|Any CPU
		{DF5234EA-3C4F-463C-9BD7-C6A1529B7355}.Release|Any CPU.ActiveCfg = Release|Any CPU
		{DF5234EA-3C4F-463C-9BD7-C6A1529B7355}.Release|Any CPU.Build.0 = Release|Any CPU
		{14EA7F1B-C3F5-4A86-8CBA-51FB30460DE4}.Debug|Any CPU.ActiveCfg = Debug|Any CPU
		{14EA7F1B-C3F5-4A86-8CBA-51FB30460DE4}.Release|Any CPU.ActiveCfg = Release|Any CPU
		{9C495C11-E918-4416-B1E8-CB497CC28754}.Debug|Any CPU.ActiveCfg = Debug|Any CPU
		{9C495C11-E918-4416-B1E8-CB497CC28754}.Debug|Any CPU.Build.0 = Debug|Any CPU
		{9C495C11-E918-4416-B1E8-CB497CC28754}.Release|Any CPU.ActiveCfg = Release|Any CPU
		{9C495C11-E918-4416-B1E8-CB497CC28754}.Release|Any CPU.Build.0 = Release|Any CPU
		{2BE42AC3-6A3C-4843-B5BD-3127712931D2}.Debug|Any CPU.ActiveCfg = Debug|Any CPU
		{2BE42AC3-6A3C-4843-B5BD-3127712931D2}.Debug|Any CPU.Build.0 = Debug|Any CPU
		{2BE42AC3-6A3C-4843-B5BD-3127712931D2}.Release|Any CPU.ActiveCfg = Release|Any CPU
		{2BE42AC3-6A3C-4843-B5BD-3127712931D2}.Release|Any CPU.Build.0 = Release|Any CPU
		{C99CD80E-B579-4E17-93B4-38348BC8FD1B}.Debug|Any CPU.ActiveCfg = Debug|Any CPU
		{C99CD80E-B579-4E17-93B4-38348BC8FD1B}.Debug|Any CPU.Build.0 = Debug|Any CPU
		{C99CD80E-B579-4E17-93B4-38348BC8FD1B}.Release|Any CPU.ActiveCfg = Release|Any CPU
		{C99CD80E-B579-4E17-93B4-38348BC8FD1B}.Release|Any CPU.Build.0 = Release|Any CPU
		{466D1751-614A-407D-80E4-05224482AE15}.Debug|Any CPU.ActiveCfg = Debug|Any CPU
		{466D1751-614A-407D-80E4-05224482AE15}.Debug|Any CPU.Build.0 = Debug|Any CPU
		{466D1751-614A-407D-80E4-05224482AE15}.Release|Any CPU.ActiveCfg = Release|Any CPU
		{466D1751-614A-407D-80E4-05224482AE15}.Release|Any CPU.Build.0 = Release|Any CPU
		{2323E0A6-0C17-4B56-9462-A07738E9746B}.Debug|Any CPU.ActiveCfg = Debug|Any CPU
		{2323E0A6-0C17-4B56-9462-A07738E9746B}.Debug|Any CPU.Build.0 = Debug|Any CPU
		{2323E0A6-0C17-4B56-9462-A07738E9746B}.Release|Any CPU.ActiveCfg = Release|Any CPU
		{2323E0A6-0C17-4B56-9462-A07738E9746B}.Release|Any CPU.Build.0 = Release|Any CPU
		{CC8557DD-D5B9-4805-BFEE-0345540D54EC}.Debug|Any CPU.ActiveCfg = Debug|Any CPU
		{CC8557DD-D5B9-4805-BFEE-0345540D54EC}.Debug|Any CPU.Build.0 = Debug|Any CPU
		{CC8557DD-D5B9-4805-BFEE-0345540D54EC}.Release|Any CPU.ActiveCfg = Release|Any CPU
		{CC8557DD-D5B9-4805-BFEE-0345540D54EC}.Release|Any CPU.Build.0 = Release|Any CPU
	EndGlobalSection
	GlobalSection(SolutionProperties) = preSolution
		HideSolutionNode = FALSE
	EndGlobalSection
	GlobalSection(ExtensibilityGlobals) = postSolution
		SolutionGuid = {6BFFF408-EFE0-4171-8026-1DF6432E56D7}
	EndGlobalSection
EndGlobal
