
Microsoft Visual Studio Solution File, Format Version 12.00
# Visual Studio Version 16
VisualStudioVersion = 16.0.29709.97
MinimumVisualStudioVersion = 10.0.40219.1
Project("{FAE04EC0-301F-11D3-BF4B-00C04F79EFBC}") = "Binary", "Binary\Binary.csproj", "{DF5234EA-3C4F-463C-9BD7-C6A1529B7355}"
EndProject
Project("{888888A0-9F3D-457C-B088-3A5042F75D52}") = "GameRunner", "GameRunner\GameRunner.pyproj", "{14EA7F1B-C3F5-4A86-8CBA-51FB30460DE4}"
EndProject
Project("{FAE04EC0-301F-11D3-BF4B-00C04F79EFBC}") = "TournamentRunner", "TournamentRunner\TournamentRunner.csproj", "{9C495C11-E918-4416-B1E8-CB497CC28754}"
EndProject
Global
	GlobalSection(SolutionConfigurationPlatforms) = preSolution
		Debug|Any CPU = Debug|Any CPU
		Release|Any CPU = Release|Any CPU
	EndGlobalSection
	GlobalSection(ProjectConfigurationPlatforms) = postSolution
		{DF5234EA-3C4F-463C-9BD7-C6A1529B7355}.Debug|Any CPU.ActiveCfg = Debug|Any CPU
		{DF5234EA-3C4F-463C-9BD7-C6A1529B7355}.Debug|Any CPU.Build.0 = Debug|Any CPU
		{DF5234EA-3C4F-463C-9BD7-C6A1529B7355}.Release|Any CPU.ActiveCfg = Release|Any CPU
		{DF5234EA-3C4F-463C-9BD7-C6A1529B7355}.Release|Any CPU.Build.0 = Release|Any CPU
		{14EA7F1B-C3F5-4A86-8CBA-51FB30460DE4}.Debug|Any CPU.ActiveCfg = Debug|Any CPU
		{14EA7F1B-C3F5-4A86-8CBA-51FB30460DE4}.Release|Any CPU.ActiveCfg = Release|Any CPU
		{9C495C11-E918-4416-B1E8-CB497CC28754}.Debug|Any CPU.ActiveCfg = Debug|Any CPU
		{9C495C11-E918-4416-B1E8-CB497CC28754}.Debug|Any CPU.Build.0 = Debug|Any CPU
		{9C495C11-E918-4416-B1E8-CB497CC28754}.Release|Any CPU.ActiveCfg = Release|Any CPU
		{9C495C11-E918-4416-B1E8-CB497CC28754}.Release|Any CPU.Build.0 = Release|Any CPU
	EndGlobalSection
	GlobalSection(SolutionProperties) = preSolution
		HideSolutionNode = FALSE
	EndGlobalSection
	GlobalSection(ExtensibilityGlobals) = postSolution
		SolutionGuid = {6BFFF408-EFE0-4171-8026-1DF6432E56D7}
	EndGlobalSection
EndGlobal
